
Microsoft Visual Studio Solution File, Format Version 12.00
# Visual Studio Version 17
VisualStudioVersion = 17.11.35312.102
MinimumVisualStudioVersion = 10.0.40219.1
Project("{8BC9CEB8-8B4A-11D0-8D11-00A0C91BC942}") = "Unidad6Bounce", "Unidad6Bounce.vcxproj", "{55FBDE94-0A15-477D-9722-BDB42CAB28AD}"
EndProject
Global
	GlobalSection(SolutionConfigurationPlatforms) = preSolution
		Debug|x64 = Debug|x64
		Debug|x86 = Debug|x86
		Release|x64 = Release|x64
		Release|x86 = Release|x86
	EndGlobalSection
	GlobalSection(ProjectConfigurationPlatforms) = postSolution
		{55FBDE94-0A15-477D-9722-BDB42CAB28AD}.Debug|x64.ActiveCfg = Debug|x64
		{55FBDE94-0A15-477D-9722-BDB42CAB28AD}.Debug|x64.Build.0 = Debug|x64
		{55FBDE94-0A15-477D-9722-BDB42CAB28AD}.Debug|x86.ActiveCfg = Debug|Win32
		{55FBDE94-0A15-477D-9722-BDB42CAB28AD}.Debug|x86.Build.0 = Debug|Win32
		{55FBDE94-0A15-477D-9722-BDB42CAB28AD}.Release|x64.ActiveCfg = Release|x64
		{55FBDE94-0A15-477D-9722-BDB42CAB28AD}.Release|x64.Build.0 = Release|x64
		{55FBDE94-0A15-477D-9722-BDB42CAB28AD}.Release|x86.ActiveCfg = Release|Win32
		{55FBDE94-0A15-477D-9722-BDB42CAB28AD}.Release|x86.Build.0 = Release|Win32
	EndGlobalSection
	GlobalSection(SolutionProperties) = preSolution
		HideSolutionNode = FALSE
	EndGlobalSection
	GlobalSection(ExtensibilityGlobals) = postSolution
		SolutionGuid = {90B48DED-B51B-4442-B055-6B99AC1D3C07}
	EndGlobalSection
EndGlobal
